
Microsoft Visual Studio Solution File, Format Version 12.00
# Visual Studio Version 16
VisualStudioVersion = 16.0.31515.178
MinimumVisualStudioVersion = 10.0.40219.1
Project("{9A19103F-16F7-4668-BE54-9A1E7A4F7556}") = "UserAPI", "UserAPI\UserAPI.csproj", "{78EAB775-2CBE-4584-9445-F01E23D4A0E3}"
EndProject
Project("{9A19103F-16F7-4668-BE54-9A1E7A4F7556}") = "MemberPortal", "MemberPortal\MemberPortal.csproj", "{919B7150-2C15-4095-AE05-6106E86AAD42}"
EndProject
Project("{9A19103F-16F7-4668-BE54-9A1E7A4F7556}") = "DrugAPI", "DrugAPI\DrugAPI.csproj", "{F518D3E2-7BD6-47E8-9B65-6AAC02E440AF}"
EndProject
Project("{9A19103F-16F7-4668-BE54-9A1E7A4F7556}") = "SubscriptionAPI", "SubscriptionAPI\SubscriptionAPI.csproj", "{FB3729FC-F652-4CD7-8467-3C9893FCD3D4}"
EndProject
Project("{9A19103F-16F7-4668-BE54-9A1E7A4F7556}") = "RefillAPI", "RefillAPI\RefillAPI.csproj", "{F1C59F66-C760-4A98-8B53-D72428FB7204}"
EndProject
Project("{FAE04EC0-301F-11D3-BF4B-00C04F79EFBC}") = "NUnitTestFor_DrugMicroService", "NUnitTestFor_DrugMicroService\NUnitTestFor_DrugMicroService.csproj", "{1D5614CB-B554-4BBB-BA00-53090ABDCF31}"
EndProject
Global
	GlobalSection(SolutionConfigurationPlatforms) = preSolution
		Debug|Any CPU = Debug|Any CPU
		Release|Any CPU = Release|Any CPU
	EndGlobalSection
	GlobalSection(ProjectConfigurationPlatforms) = postSolution
		{78EAB775-2CBE-4584-9445-F01E23D4A0E3}.Debug|Any CPU.ActiveCfg = Debug|Any CPU
		{78EAB775-2CBE-4584-9445-F01E23D4A0E3}.Debug|Any CPU.Build.0 = Debug|Any CPU
		{78EAB775-2CBE-4584-9445-F01E23D4A0E3}.Release|Any CPU.ActiveCfg = Release|Any CPU
		{78EAB775-2CBE-4584-9445-F01E23D4A0E3}.Release|Any CPU.Build.0 = Release|Any CPU
		{919B7150-2C15-4095-AE05-6106E86AAD42}.Debug|Any CPU.ActiveCfg = Debug|Any CPU
		{919B7150-2C15-4095-AE05-6106E86AAD42}.Debug|Any CPU.Build.0 = Debug|Any CPU
		{919B7150-2C15-4095-AE05-6106E86AAD42}.Release|Any CPU.ActiveCfg = Release|Any CPU
		{919B7150-2C15-4095-AE05-6106E86AAD42}.Release|Any CPU.Build.0 = Release|Any CPU
		{F518D3E2-7BD6-47E8-9B65-6AAC02E440AF}.Debug|Any CPU.ActiveCfg = Debug|Any CPU
		{F518D3E2-7BD6-47E8-9B65-6AAC02E440AF}.Debug|Any CPU.Build.0 = Debug|Any CPU
		{F518D3E2-7BD6-47E8-9B65-6AAC02E440AF}.Release|Any CPU.ActiveCfg = Release|Any CPU
		{F518D3E2-7BD6-47E8-9B65-6AAC02E440AF}.Release|Any CPU.Build.0 = Release|Any CPU
		{FB3729FC-F652-4CD7-8467-3C9893FCD3D4}.Debug|Any CPU.ActiveCfg = Debug|Any CPU
		{FB3729FC-F652-4CD7-8467-3C9893FCD3D4}.Debug|Any CPU.Build.0 = Debug|Any CPU
		{FB3729FC-F652-4CD7-8467-3C9893FCD3D4}.Release|Any CPU.ActiveCfg = Release|Any CPU
		{FB3729FC-F652-4CD7-8467-3C9893FCD3D4}.Release|Any CPU.Build.0 = Release|Any CPU
		{F1C59F66-C760-4A98-8B53-D72428FB7204}.Debug|Any CPU.ActiveCfg = Debug|Any CPU
		{F1C59F66-C760-4A98-8B53-D72428FB7204}.Debug|Any CPU.Build.0 = Debug|Any CPU
		{F1C59F66-C760-4A98-8B53-D72428FB7204}.Release|Any CPU.ActiveCfg = Release|Any CPU
		{F1C59F66-C760-4A98-8B53-D72428FB7204}.Release|Any CPU.Build.0 = Release|Any CPU
		{1D5614CB-B554-4BBB-BA00-53090ABDCF31}.Debug|Any CPU.ActiveCfg = Debug|Any CPU
		{1D5614CB-B554-4BBB-BA00-53090ABDCF31}.Debug|Any CPU.Build.0 = Debug|Any CPU
		{1D5614CB-B554-4BBB-BA00-53090ABDCF31}.Release|Any CPU.ActiveCfg = Release|Any CPU
		{1D5614CB-B554-4BBB-BA00-53090ABDCF31}.Release|Any CPU.Build.0 = Release|Any CPU
	EndGlobalSection
	GlobalSection(SolutionProperties) = preSolution
		HideSolutionNode = FALSE
	EndGlobalSection
	GlobalSection(ExtensibilityGlobals) = postSolution
		SolutionGuid = {0E1A7F87-5179-46CD-B53C-B94099814560}
	EndGlobalSection
EndGlobal
